
Microsoft Visual Studio Solution File, Format Version 12.00
# Visual Studio Version 17
VisualStudioVersion = 17.14.36109.1 d17.14
MinimumVisualStudioVersion = 10.0.40219.1
Project("{FAE04EC0-301F-11D3-BF4B-00C04F79EFBC}") = "Restaurant", "Restaurant\Restaurant.csproj", "{60004A21-CCEB-4C99-B3DD-3C041B47F13E}"
EndProject
Global
	GlobalSection(SolutionConfigurationPlatforms) = preSolution
		Debug|Any CPU = Debug|Any CPU
		Release|Any CPU = Release|Any CPU
	EndGlobalSection
	GlobalSection(ProjectConfigurationPlatforms) = postSolution
		{60004A21-CCEB-4C99-B3DD-3C041B47F13E}.Debug|Any CPU.ActiveCfg = Debug|Any CPU
		{60004A21-CCEB-4C99-B3DD-3C041B47F13E}.Debug|Any CPU.Build.0 = Debug|Any CPU
		{60004A21-CCEB-4C99-B3DD-3C041B47F13E}.Release|Any CPU.ActiveCfg = Release|Any CPU
		{60004A21-CCEB-4C99-B3DD-3C041B47F13E}.Release|Any CPU.Build.0 = Release|Any CPU
	EndGlobalSection
	GlobalSection(SolutionProperties) = preSolution
		HideSolutionNode = FALSE
	EndGlobalSection
	GlobalSection(ExtensibilityGlobals) = postSolution
		SolutionGuid = {588AEEAC-CCFA-4216-9688-A4AEB5615FCD}
	EndGlobalSection
EndGlobal
